Microsoft Visual Studio Solution File, Format Version 12.00
# Visual Studio Version 17
VisualStudioVersion = 17.5.2.0
MinimumVisualStudioVersion = 10.0.40219.1
Project("{FAE04EC0-301F-11D3-BF4B-00C04F79EFBC}") = "contextworkshop", "contextworkshop.csproj", "{901540EB-E594-7755-3A04-8180AA8CDBDD}"
EndProject
Global
	GlobalSection(SolutionConfigurationPlatforms) = preSolution
		Debug|Any CPU = Debug|Any CPU
		Release|Any CPU = Release|Any CPU
	EndGlobalSection
	GlobalSection(ProjectConfigurationPlatforms) = postSolution
		{901540EB-E594-7755-3A04-8180AA8CDBDD}.Debug|Any CPU.ActiveCfg = Debug|Any CPU
		{901540EB-E594-7755-3A04-8180AA8CDBDD}.Debug|Any CPU.Build.0 = Debug|Any CPU
		{901540EB-E594-7755-3A04-8180AA8CDBDD}.Release|Any CPU.ActiveCfg = Release|Any CPU
		{901540EB-E594-7755-3A04-8180AA8CDBDD}.Release|Any CPU.Build.0 = Release|Any CPU
	EndGlobalSection
	GlobalSection(SolutionProperties) = preSolution
		HideSolutionNode = FALSE
	EndGlobalSection
	GlobalSection(ExtensibilityGlobals) = postSolution
		SolutionGuid = {8F574689-7815-463B-B7C8-038818A95A6C}
	EndGlobalSection
EndGlobal
